<Solution>
  <Folder Name="/PrepperBox.AppHost/">
    <Project Path="PrepperBox.AppHost\PrepperBox.AppHost.csproj" />
  </Folder>
  <Folder Name="/PrepperBox.Core/">
    <Project Path="PrepperBox.Core\PrepperBox.Core.csproj" />
  </Folder>
  <Folder Name="/PrepperBox.Db/">
    <Project Path="PrepperBox.Db\PrepperBox.Db.csproj" />
  </Folder>
  <Folder Name="/PrepperBox.Dto/">
    <Project Path="PrepperBox.Dto\PrepperBox.Dto.csproj" />
  </Folder>
  <Folder Name="/PrepperBox.WebApi/">
    <Project Path="PrepperBox.WebApi\PrepperBox.WebApi.csproj" />
  </Folder>
  <Project Path="PrepperBox.Db.Tests/PrepperBox.Db.Tests.csproj" />
  <Project Path="PrepperBox.WebApi.IntegrationTests/PrepperBox.WebApi.IntegrationTests.csproj" />
  <Project Path="PrepperBox.WebApi.Tests/PrepperBox.WebApi.Tests.csproj" />
  <Properties Name="Configuration">
    <Property Name="Debug|AnyCPU" />
    <Property Name="Release|AnyCPU" />
  </Properties>
</Solution>
